PODS:
  - ReactiveCocoa (2.5):
    - ReactiveCocoa/UI (= 2.5)
  - ReactiveCocoa/Core (2.5):
    - ReactiveCocoa/no-arc
  - ReactiveCocoa/no-arc (2.5)
  - ReactiveCocoa/UI (2.5):
    - ReactiveCocoa/Core
  - YXWListBinder (0.2.8):
    - ReactiveCocoa (~> 2.5)

DEPENDENCIES:
  - YXWListBinder (from `../`)

SPEC REPOS:
  https://github.com/cocoapods/specs.git:
    - ReactiveCocoa

EXTERNAL SOURCES:
  YXWListBinder:
    :path: "../"

SPEC CHECKSUMS:
  ReactiveCocoa: e2db045570aa97c695e7aa97c2bcab222ae51f4a
  YXWListBinder: 9c8ab6e4ec2f149c9660f6895d4f5365988e1dff

PODFILE CHECKSUM: 159b375f116d5bb243bf961cff9f71724b2147df

COCOAPODS: 1.6.0
