PODS:
  - ReactiveObjC (3.1.0)
  - YXWListBinder (0.2.8):
    - ReactiveObjC (~> 3.1.0)

DEPENDENCIES:
  - YXWListBinder (from `../`)

SPEC REPOS:
  https://github.com/cocoapods/specs.git:
    - ReactiveObjC

EXTERNAL SOURCES:
  YXWListBinder:
    :path: "../"

SPEC CHECKSUMS:
  ReactiveObjC: 2a38ea15335de4119d8b17caf1db1484f61db902
  YXWListBinder: 8730c8ce05d6d421fb3d3868199613d7e032d0c2

PODFILE CHECKSUM: 159b375f116d5bb243bf961cff9f71724b2147df

COCOAPODS: 1.5.3
